# THIS IS AN AUTOGENERATED FILE. DO NOT EDIT THIS FILE DIRECTLY.
# yarn lockfile v1


"@types/long@^4.0.0":
  version "4.0.2"
  resolved "https://registry.yarnpkg.com/@types/long/-/long-4.0.2.tgz#b74129719fc8d11c01868010082d483b7545591a"
  integrity sha512-MqTGEo5bj5t157U6fA/BiDynNkn0YknVdh48CMPkTSpFTVmvao5UQmm7uEF6xBEo7qIMAlY/JSleYaE6VOdpaA==

"@types/node@*", "@types/node@>=8":
  version "20.3.2"
  resolved "https://registry.yarnpkg.com/@types/node/-/node-20.3.2.tgz#fa6a90f2600e052a03c18b8cb3fd83dd4e599898"
  integrity sha512-vOBLVQeCQfIcF/2Y7eKFTqrMnizK5lRNQ7ykML/5RuwVXVWxYkgwS7xbt4B6fKCUPgbSL5FSsjHQpaGQP/dQmw==

adm-zip@^0.5.3:
  version "0.5.10"
  resolved "https://registry.yarnpkg.com/adm-zip/-/adm-zip-0.5.10.tgz#4a51d5ab544b1f5ce51e1b9043139b639afff45b"
  integrity sha512-x0HvcHqVJNTPk/Bw8JbLWlWoo6Wwnsug0fnYYro1HBrjxZ3G7/AZk7Ahv8JwDe1uIcz8eBqvu86FuF1POiG7vQ==

cassandra-driver@^4.2.0:
  version "4.6.4"
  resolved "https://registry.yarnpkg.com/cassandra-driver/-/cassandra-driver-4.6.4.tgz#a916018d2dfee73d00e51cedac84c44aff07bcbd"
  integrity sha512-SksbIK0cZ2QZRx8ti7w+PnLqldyY+6kU2gRWFChwXFTtrD/ce8cQICDEHxyPwx+DeILwRnMrPf9cjUGizYw9Vg==
  dependencies:
    "@types/long" "^4.0.0"
    "@types/node" ">=8"
    adm-zip "^0.5.3"
    long "^2.2.0"

long@^2.2.0:
  version "2.4.0"
  resolved "https://registry.yarnpkg.com/long/-/long-2.4.0.tgz#9fa180bb1d9500cdc29c4156766a1995e1f4524f"
  integrity sha512-ijUtjmO/n2A5PaosNG9ZGDsQ3vxJg7ZW8vsY8Kp0f2yIZWhSJvjmegV7t+9RPQKxKrvj8yKGehhS+po14hPLGQ==

long@^5.2.3:
  version "5.2.4"
  resolved "https://registry.yarnpkg.com/long/-/long-5.2.4.tgz#ee651d5c7c25901cfca5e67220ae9911695e99b2"
  integrity sha512-qtzLbJE8hq7VabR3mISmVGtoXP8KGc2Z/AT8OuqlYD7JTR3oqrgwdjnk07wpj1twXxYmgDXgoKVWUG/fReSzHg==
